
Microsoft Visual Studio Solution File, Format Version 12.00
# Visual Studio Version 17
VisualStudioVersion = 17.2.32630.192
MinimumVisualStudioVersion = 10.0.40219.1
Project("{FAE04EC0-301F-11D3-BF4B-00C04F79EFBC}") = "PowerPeg-SQL-to-CSV", "PowerPeg-SQL-to-CSV\PowerPeg-SQL-to-CSV.csproj", "{015C5EA8-50E8-414A-969C-D087FD739765}"
EndProject
Project("{FAE04EC0-301F-11D3-BF4B-00C04F79EFBC}") = "Instant Generation UI", "Instant Generation UI\Instant Generation UI.csproj", "{4CF56071-705B-4CCD-91D4-FA1C0D84842B}"
EndProject
Global
	GlobalSection(SolutionConfigurationPlatforms) = preSolution
		Debug|Any CPU = Debug|Any CPU
		Release|Any CPU = Release|Any CPU
	EndGlobalSection
	GlobalSection(ProjectConfigurationPlatforms) = postSolution
		{015C5EA8-50E8-414A-969C-D087FD739765}.Debug|Any CPU.ActiveCfg = Debug|Any CPU
		{015C5EA8-50E8-414A-969C-D087FD739765}.Debug|Any CPU.Build.0 = Debug|Any CPU
		{015C5EA8-50E8-414A-969C-D087FD739765}.Release|Any CPU.ActiveCfg = Release|Any CPU
		{015C5EA8-50E8-414A-969C-D087FD739765}.Release|Any CPU.Build.0 = Release|Any CPU
		{4CF56071-705B-4CCD-91D4-FA1C0D84842B}.Debug|Any CPU.ActiveCfg = Debug|Any CPU
		{4CF56071-705B-4CCD-91D4-FA1C0D84842B}.Debug|Any CPU.Build.0 = Debug|Any CPU
		{4CF56071-705B-4CCD-91D4-FA1C0D84842B}.Release|Any CPU.ActiveCfg = Release|Any CPU
		{4CF56071-705B-4CCD-91D4-FA1C0D84842B}.Release|Any CPU.Build.0 = Release|Any CPU
	EndGlobalSection
	GlobalSection(SolutionProperties) = preSolution
		HideSolutionNode = FALSE
	EndGlobalSection
	GlobalSection(ExtensibilityGlobals) = postSolution
		SolutionGuid = {0AB6DA75-9324-4B1C-BD26-6CF5602A78C1}
	EndGlobalSection
EndGlobal
